
Microsoft Visual Studio Solution File, Format Version 12.00
# Visual Studio Version 16
VisualStudioVersion = 16.0.29209.62
MinimumVisualStudioVersion = 10.0.40219.1
Project("{9A19103F-16F7-4668-BE54-9A1E7A4F7556}") = "Corvus.Retry", "Corvus.Retry\Corvus.Retry.csproj", "{1350BE06-9A38-417E-B418-71128FDB856C}"
EndProject
Project("{9A19103F-16F7-4668-BE54-9A1E7A4F7556}") = "Corvus.Retry.Specs", "Corvus.Retry.Specs\Corvus.Retry.Specs.csproj", "{9B4BDCF4-4AB9-4137-A238-113C40BBABA6}"
EndProject
Project("{2150E333-8FDC-42A3-9474-1A3956D46DE8}") = "DevOps", "DevOps", "{2A895BA1-B414-4D34-A7FF-2601C8E3339F}"
	ProjectSection(SolutionItems) = preProject
		..\azure-pipelines.release.yml = ..\azure-pipelines.release.yml
		..\azure-pipelines.yml = ..\azure-pipelines.yml
		..\imm.yaml = ..\imm.yaml
	EndProjectSection
EndProject
Project("{2150E333-8FDC-42A3-9474-1A3956D46DE8}") = "Solution Items", "Solution Items", "{2446196A-3E67-4F01-851E-0E749681AA8D}"
	ProjectSection(SolutionItems) = preProject
		.editorconfig = .editorconfig
		Common.GitHub.proj = Common.GitHub.proj
		Common.NetStandard_2_0.proj = Common.NetStandard_2_0.proj
		Common.NuGet.proj = Common.NuGet.proj
		Directory.build.props = Directory.build.props
		Directory.build.targets = Directory.build.targets
		StyleCop.ruleset = StyleCop.ruleset
	EndProjectSection
EndProject
Global
	GlobalSection(SolutionConfigurationPlatforms) = preSolution
		Debug|Any CPU = Debug|Any CPU
		Release|Any CPU = Release|Any CPU
	EndGlobalSection
	GlobalSection(ProjectConfigurationPlatforms) = postSolution
		{1350BE06-9A38-417E-B418-71128FDB856C}.Debug|Any CPU.ActiveCfg = Debug|Any CPU
		{1350BE06-9A38-417E-B418-71128FDB856C}.Debug|Any CPU.Build.0 = Debug|Any CPU
		{1350BE06-9A38-417E-B418-71128FDB856C}.Release|Any CPU.ActiveCfg = Release|Any CPU
		{1350BE06-9A38-417E-B418-71128FDB856C}.Release|Any CPU.Build.0 = Release|Any CPU
		{9B4BDCF4-4AB9-4137-A238-113C40BBABA6}.Debug|Any CPU.ActiveCfg = Debug|Any CPU
		{9B4BDCF4-4AB9-4137-A238-113C40BBABA6}.Debug|Any CPU.Build.0 = Debug|Any CPU
		{9B4BDCF4-4AB9-4137-A238-113C40BBABA6}.Release|Any CPU.ActiveCfg = Release|Any CPU
		{9B4BDCF4-4AB9-4137-A238-113C40BBABA6}.Release|Any CPU.Build.0 = Release|Any CPU
	EndGlobalSection
	GlobalSection(SolutionProperties) = preSolution
		HideSolutionNode = FALSE
	EndGlobalSection
	GlobalSection(ExtensibilityGlobals) = postSolution
		SolutionGuid = {00493C9B-EC8E-4A4A-B07B-26D6580B6CF6}
	EndGlobalSection
EndGlobal
