
Microsoft Visual Studio Solution File, Format Version 12.00
# Visual Studio Version 16
VisualStudioVersion = 16.0.29209.62
MinimumVisualStudioVersion = 10.0.40219.1
Project("{9A19103F-16F7-4668-BE54-9A1E7A4F7556}") = "Corvus.Retry", "Corvus.Retry.csproj", "{1350BE06-9A38-417E-B418-71128FDB856C}"
EndProject
Global
	GlobalSection(SolutionConfigurationPlatforms) = preSolution
		Debug|Any CPU = Debug|Any CPU
		Release|Any CPU = Release|Any CPU
	EndGlobalSection
	GlobalSection(ProjectConfigurationPlatforms) = postSolution
		{1350BE06-9A38-417E-B418-71128FDB856C}.Debug|Any CPU.ActiveCfg = Debug|Any CPU
		{1350BE06-9A38-417E-B418-71128FDB856C}.Debug|Any CPU.Build.0 = Debug|Any CPU
		{1350BE06-9A38-417E-B418-71128FDB856C}.Release|Any CPU.ActiveCfg = Release|Any CPU
		{1350BE06-9A38-417E-B418-71128FDB856C}.Release|Any CPU.Build.0 = Release|Any CPU
	EndGlobalSection
	GlobalSection(SolutionProperties) = preSolution
		HideSolutionNode = FALSE
	EndGlobalSection
	GlobalSection(ExtensibilityGlobals) = postSolution
		SolutionGuid = {00493C9B-EC8E-4A4A-B07B-26D6580B6CF6}
	EndGlobalSection
EndGlobal
